lockfileVersion: '9.0'

settings:
  autoInstallPeers: true
  excludeLinksFromLockfile: false

importers:

  .:
    devDependencies:
      '@playwright/test':
        specifier: ^1.61.1
        version: 1.61.1
      executable-stories-formatters:
        specifier: ^0.17.0
        version: 0.17.0
      executable-stories-playwright:
        specifier: ^8.5.6
        version: 8.5.6(@playwright/test@1.61.1)
      typescript:
        specifier: ^5.9.3
        version: 5.9.3

packages:

  '@cucumber/html-formatter@23.1.0':
    resolution: {integrity: sha512-DcCSFoGs6jbwzXPgX1CwgJKEE+ZMcIEzq/0Memg0o24maNn9NJizBFHmoFWG4iv/OxHza+mvc+56cTHetfHndw==}
    peerDependencies:
      '@cucumber/messages': '>=18'

  '@cucumber/messages@32.3.1':
    resolution: {integrity: sha512-yNQq1KoXRYaEKrWMFmpUQX7TdeQuU9jeGgJAZ3dArTsC/T4NpJ6DnqaJIIgwPnz/wtQIQTNX7/h0rOuF5xY4qQ==}

  '@playwright/test@1.61.1':
    resolution: {integrity: sha512-8nKv6+0RJSL9FE4jYOEGXnPeM/Hg12qZpmqzZjRh3qM0Y7c3z1mrOTfFLids72RDQYVh9WpLEfR5WdpNX4fkig==}
    engines: {node: '>=18'}
    hasBin: true

  ajv@8.20.0:
    resolution: {integrity: sha512-Thbli+OlOj+iMPYFBVBfJ3OmCAnaSyNn4M1vz9T6Gka5Jt9ba/HIR56joy65tY6kx/FCF5VXNB819Y7/GUrBGA==}

  class-transformer@0.5.1:
    resolution: {integrity: sha512-SQa1Ws6hUbfC98vKGxZH3KFY0Y1lm5Zm0SY8XX9zbK7FJCyVEac3ATW0RIpwzW+oOfmHE5PMPufDG9hCfoEOMw==}

  executable-stories-formatters@0.17.0:
    resolution: {integrity: sha512-xm1tnfoKhKjxwXHl1e8zoUNF9fNJULHlU4k7Zi1HGBymCRYlf7TwbsNCuNcARniHfwdPuS7mewrOxtHE9kqZ4A==}
    engines: {node: '>=22'}
    hasBin: true

  executable-stories-playwright@8.5.6:
    resolution: {integrity: sha512-Vi0MKD79l1O9cJhB+6qrfrZ8uqN2RCXm7UFbJIEY0X36MFybOB5fCOyr/W5SUv8NVQWZS0xKTcyTcrxIwag5Tw==}
    peerDependencies:
      '@playwright/test': '>=1.60.0'
      autotel: '>=3.4.4'
    peerDependenciesMeta:
      autotel:
        optional: true

  fast-deep-equal@3.1.3:
    resolution: {integrity: sha512-f3qQ9oQy9j2AhBe/H9VC91wLmKBCCU/gDOnKNAYG5hswO7BLKj09Hc5HYNz9cGI++xlpDCIgDaitVs03ATR84Q==}

  fast-uri@3.1.2:
    resolution: {integrity: sha512-rVjf7ArG3LTk+FS6Yw81V1DLuZl1bRbNrev6Tmd/9RaroeeRRJhAt7jg/6YFxbvAQXUCavSoZhPPj6oOx+5KjQ==}

  fsevents@2.3.2:
    resolution: {integrity: sha512-xiqMQR4xAeHTuB9uWm+fFRcIOgKBMiOBP+eXiyT7jsgVCq1bkVygt00oASowB7EdtpOHaaPgKt812P9ab+DDKA==}
    engines: {node: ^8.16.0 || ^10.6.0 || >=11.0.0}
    os: [darwin]

  github-slugger@2.0.0:
    resolution: {integrity: sha512-IaOQ9puYtjrkq7Y0Ygl9KDZnrf/aiUJYUpVf89y8kyaxbRG7Y1SrX/jaumrv81vc61+kiMempujsM3Yw7w5qcw==}

  json-schema-traverse@1.0.0:
    resolution: {integrity: sha512-NM8/P9n3XjXhIZn1lLhkFaACTOURQXjWhV4BA/RnOv8xvgqtqpAX9IO4mRQxSx1Rlo4tqzeqb0sOlruaOy3dug==}

  playwright-core@1.61.1:
    resolution: {integrity: sha512-h7Qlt6m4REp25qvIdvbDtVmD4LqVXfpRxhORv9L0jzETM05p4fuPJ3dKyuSXQxDSbXnmS79HAgi9589lGSpLkg==}
    engines: {node: '>=18'}
    hasBin: true

  playwright@1.61.1:
    resolution: {integrity: sha512-DWnY5o3YbLWK4GovuAVwpqL+1VwGNdUGrRr++8j8PtQQzvAVZUIMjKQ90fY689sEJZJBbZVw1rXaOKSTitkzPQ==}
    engines: {node: '>=18'}
    hasBin: true

  reflect-metadata@0.2.2:
    resolution: {integrity: sha512-urBwgfrvVP/eAyXx4hluJivBKzuEbSQs9rKWCrCkbSxNv8mxPcUZKeuoF3Uy4mJl3Lwprp6yy5/39VWigZ4K6Q==}

  require-from-string@2.0.2:
    resolution: {integrity: sha512-Xf0nWe6RseziFMu+Ap9biiUbmplq6S9/p+7w7YXP/JBHhrUDDUhwa+vANyubuqfZWTveU//DYVGsDG7RKL/vEw==}
    engines: {node: '>=0.10.0'}

  typescript@5.9.3:
    resolution: {integrity: sha512-jl1vZzPDinLr9eUt3J/t7V6FgNEw9QjvBPdysz9KfQDD41fQrC2Y4vKQdiaUpFT4bXlb1RHhLpp8wtm6M5TgSw==}
    engines: {node: '>=14.17'}
    hasBin: true

  yaml@2.9.0:
    resolution: {integrity: sha512-2AvhNX3mb8zd6Zy7INTtSpl1F15HW6Wnqj0srWlkKLcpYl/gMIMJiyuGq2KeI2YFxUPjdlB+3Lc10seMLtL4cA==}
    engines: {node: '>= 14.6'}
    hasBin: true

snapshots:

  '@cucumber/html-formatter@23.1.0(@cucumber/messages@32.3.1)':
    dependencies:
      '@cucumber/messages': 32.3.1

  '@cucumber/messages@32.3.1':
    dependencies:
      class-transformer: 0.5.1
      reflect-metadata: 0.2.2

  '@playwright/test@1.61.1':
    dependencies:
      playwright: 1.61.1

  ajv@8.20.0:
    dependencies:
      fast-deep-equal: 3.1.3
      fast-uri: 3.1.2
      json-schema-traverse: 1.0.0
      require-from-string: 2.0.2

  class-transformer@0.5.1: {}

  executable-stories-formatters@0.17.0:
    dependencies:
      '@cucumber/html-formatter': 23.1.0(@cucumber/messages@32.3.1)
      '@cucumber/messages': 32.3.1
      ajv: 8.20.0
      github-slugger: 2.0.0
      yaml: 2.9.0

  executable-stories-playwright@8.5.6(@playwright/test@1.61.1):
    dependencies:
      '@playwright/test': 1.61.1
      executable-stories-formatters: 0.17.0

  fast-deep-equal@3.1.3: {}

  fast-uri@3.1.2: {}

  fsevents@2.3.2:
    optional: true

  github-slugger@2.0.0: {}

  json-schema-traverse@1.0.0: {}

  playwright-core@1.61.1: {}

  playwright@1.61.1:
    dependencies:
      playwright-core: 1.61.1
    optionalDependencies:
      fsevents: 2.3.2

  reflect-metadata@0.2.2: {}

  require-from-string@2.0.2: {}

  typescript@5.9.3: {}

  yaml@2.9.0: {}
